Microsoft Visual Studio Solution File, Format Version 11.00
# Visual Studio 2008

Project("{35F38E4C-6F95-38B4-487E-8AD09BC1782A}") = "1Gam_v2", "Assembly-CSharp-firstpass.csproj", "{7996C7CB-9A55-824C-AA6B-AD1043E76996}"
EndProject
Project("{35F38E4C-6F95-38B4-487E-8AD09BC1782A}") = "1Gam_v2", "Assembly-CSharp.csproj", "{8102B672-9A3F-17EE-375E-2E26FCB5E6DE}"
EndProject
Project("{35F38E4C-6F95-38B4-487E-8AD09BC1782A}") = "1Gam_v2", "Assembly-CSharp-Editor.csproj", "{D1932E08-FF60-C900-0388-65721E7572FB}"
EndProject
Global
	GlobalSection(SolutionConfigurationPlatforms) = preSolution
		Debug|Any CPU = Debug|Any CPU
		Release|Any CPU = Release|Any CPU
	EndGlobalSection
	GlobalSection(ProjectConfigurationPlatforms) = postSolution
		{7996C7CB-9A55-824C-AA6B-AD1043E76996}.Debug|Any CPU.ActiveCfg = Debug|Any CPU
		{7996C7CB-9A55-824C-AA6B-AD1043E76996}.Debug|Any CPU.Build.0 = Debug|Any CPU
		{7996C7CB-9A55-824C-AA6B-AD1043E76996}.Release|Any CPU.ActiveCfg = Release|Any CPU
		{7996C7CB-9A55-824C-AA6B-AD1043E76996}.Release|Any CPU.Build.0 = Release|Any CPU
		{8102B672-9A3F-17EE-375E-2E26FCB5E6DE}.Debug|Any CPU.ActiveCfg = Debug|Any CPU
		{8102B672-9A3F-17EE-375E-2E26FCB5E6DE}.Debug|Any CPU.Build.0 = Debug|Any CPU
		{8102B672-9A3F-17EE-375E-2E26FCB5E6DE}.Release|Any CPU.ActiveCfg = Release|Any CPU
		{8102B672-9A3F-17EE-375E-2E26FCB5E6DE}.Release|Any CPU.Build.0 = Release|Any CPU
		{D1932E08-FF60-C900-0388-65721E7572FB}.Debug|Any CPU.ActiveCfg = Debug|Any CPU
		{D1932E08-FF60-C900-0388-65721E7572FB}.Debug|Any CPU.Build.0 = Debug|Any CPU
		{D1932E08-FF60-C900-0388-65721E7572FB}.Release|Any CPU.ActiveCfg = Release|Any CPU
		{D1932E08-FF60-C900-0388-65721E7572FB}.Release|Any CPU.Build.0 = Release|Any CPU
	EndGlobalSection
	GlobalSection(SolutionProperties) = preSolution
		HideSolutionNode = FALSE
	EndGlobalSection
	GlobalSection(MonoDevelopProperties) = preSolution
		StartupItem = Assembly-CSharp.csproj
	EndGlobalSection
EndGlobal
